PODS:
  - BadgeSwift (8.0.0)
  - Crashlytics (3.14.0):
    - Fabric (~> 1.10.2)
  - Fabric (1.10.2)
  - Kingfisher (5.8.1):
    - Kingfisher/Core (= 5.8.1)
  - Kingfisher/Core (5.8.1)
  - LicensePlist (2.6.0)
  - Parchment (1.7.0)
  - PKHUD (5.3.0)
  - PromisesObjC (1.2.8)
  - PromisesSwift (1.2.8):
    - PromisesObjC (= 1.2.8)
  - Realm (3.19.0):
    - Realm/Headers (= 3.19.0)
  - Realm/Headers (3.19.0)
  - RealmSwift (3.19.0):
    - Realm (= 3.19.0)
  - ReSwift (5.0.0)
  - Swifter (2.3.0)
  - SwiftIcons (2.3.2)
  - "UITextView+Placeholder (1.3.3)"

DEPENDENCIES:
  - BadgeSwift
  - Crashlytics
  - Fabric
  - Kingfisher
  - LicensePlist
  - Parchment
  - PKHUD
  - PromisesSwift
  - RealmSwift
  - ReSwift
  - Swifter (from `https://github.com/mattdonnelly/Swifter.git`)
  - SwiftIcons
  - "UITextView+Placeholder"

SPEC REPOS:
  trunk:
    - BadgeSwift
    - Crashlytics
    - Fabric
    - Kingfisher
    - LicensePlist
    - Parchment
    - PKHUD
    - PromisesObjC
    - PromisesSwift
    - Realm
    - RealmSwift
    - ReSwift
    - SwiftIcons
    - "UITextView+Placeholder"

EXTERNAL SOURCES:
  Swifter:
    :git: https://github.com/mattdonnelly/Swifter.git

CHECKOUT OPTIONS:
  Swifter:
    :commit: f5a84134d47cbbdb17eb2df45a4689ed5938274c
    :git: https://github.com/mattdonnelly/Swifter.git

SPEC CHECKSUMS:
  BadgeSwift: a81547ffde1f462bb5fc02e3fa3fdcbc1b888354
  Crashlytics: 540b7e5f5da5a042647227a5e3ac51d85eed06df
  Fabric: 706c8b8098fff96c33c0db69cbf81f9c551d0d74
  Kingfisher: de969e451c81ca6c07a454bc36fea84b8b08c3c7
  LicensePlist: 04fb95b572038c87068283afa65518a61aff9342
  Parchment: cae686f73685d16742cec9c19239b7578a15f0f5
  PKHUD: 98f3e4bc904b9c916f1c5bb6d765365b5357291b
  PromisesObjC: c119f3cd559f50b7ae681fa59dc1acd19173b7e6
  PromisesSwift: 37bad6f4daddb02f7c9c531efe91e8b21c13ee2f
  Realm: 995d585bcf699aaff226715886c849a29dd3d07f
  RealmSwift: 35f284a537989f2187b413e5917091948cb87a3f
  ReSwift: 628f1a9b3ee52e3b3ca2a644435472fd77afafe1
  Swifter: 114bb57823fb21d5ef0451930e9cbc184c3a867a
  SwiftIcons: e652cfd2676441c462ad57b6e92977faf577e590
  "UITextView+Placeholder": c407b27599ea23cca425946fee3cf1db5d547008

PODFILE CHECKSUM: 94094183a06cf21d6868ba33c7133ff936364f63

COCOAPODS: 1.8.1
